
Microsoft Visual Studio Solution File, Format Version 12.00
# Visual Studio Version 17
VisualStudioVersion = 17.6.33927.249
MinimumVisualStudioVersion = 10.0.40219.1
Project("{9A19103F-16F7-4668-BE54-9A1E7A4F7556}") = "MusicFinal", "MusicList2\MusicFinal.csproj", "{205DC107-35AF-4147-8C3E-B3B40C547E89}"
EndProject
Global
	GlobalSection(SolutionConfigurationPlatforms) = preSolution
		Debug|Any CPU = Debug|Any CPU
		Release|Any CPU = Release|Any CPU
	EndGlobalSection
	GlobalSection(ProjectConfigurationPlatforms) = postSolution
		{205DC107-35AF-4147-8C3E-B3B40C547E89}.Debug|Any CPU.ActiveCfg = Debug|Any CPU
		{205DC107-35AF-4147-8C3E-B3B40C547E89}.Debug|Any CPU.Build.0 = Debug|Any CPU
		{205DC107-35AF-4147-8C3E-B3B40C547E89}.Release|Any CPU.ActiveCfg = Release|Any CPU
		{205DC107-35AF-4147-8C3E-B3B40C547E89}.Release|Any CPU.Build.0 = Release|Any CPU
	EndGlobalSection
	GlobalSection(SolutionProperties) = preSolution
		HideSolutionNode = FALSE
	EndGlobalSection
	GlobalSection(ExtensibilityGlobals) = postSolution
		SolutionGuid = {ED23DDBB-5552-4165-B34D-72D19E958241}
	EndGlobalSection
EndGlobal
